PODS:
  - ReachabilitySwift (4.3.1)

DEPENDENCIES:
  - ReachabilitySwift

SPEC REPOS:
  https://github.com/cocoapods/specs.git:
    - ReachabilitySwift

SPEC CHECKSUMS:
  ReachabilitySwift: 4032e2f59586e11e3b0ebe15b167abdd587a388b

PODFILE CHECKSUM: 8832d6fe6333a9fabd751da91e26c593db7b7e9c

COCOAPODS: 1.7.1
